// !$*UTF8*$!
{
	archiveVersion = 1;
	classes = {
	};
	objectVersion = 46;
	objects = {

/* Begin PBXBuildFile section */
		2B0F120918EEBBCF00ADB3E4 /* BaseController.m in Sources */ = {isa = PBXBuildFile; fileRef = 2B0F120818EEBBCF00ADB3E4 /* BaseController.m */; };
		2B0F120E18EEBCE800ADB3E4 /* MainController.m in Sources */ = {isa = PBXBuildFile; fileRef = 2B0F120D18EEBCE800ADB3E4 /* MainController.m */; };
		2B0F121218EEBD4E00ADB3E4 /* MainWindow-iPad.xib in Resources */ = {isa = PBXBuildFile; fileRef = 2B0F121018EEBD4E00ADB3E4 /* MainWindow-iPad.xib */; };
		2B0F121318EEBD4E00ADB3E4 /* MainWindow.xib in Resources */ = {isa = PBXBuildFile; fileRef = 2B0F121118EEBD4E00ADB3E4 /* MainWindow.xib */; };
		2B3F4F3918EEB731005F37D8 /* Localizable.strings in Resources */ = {isa = PBXBuildFile; fileRef = 2B3F4F3B18EEB731005F37D8 /* Localizable.strings */; };
		2BD2DF2B18EEB40900F0B5B4 /* Foundation.framework in Frameworks */ = {isa = PBXBuildFile; fileRef = 2BD2DF2A18EEB40900F0B5B4 /* Foundation.framework */; };
		2BD2DF2D18EEB40900F0B5B4 /* CoreGraphics.framework in Frameworks */ = {isa = PBXBuildFile; fileRef = 2BD2DF2C18EEB40900F0B5B4 /* CoreGraphics.framework */; };
		2BD2DF2F18EEB40900F0B5B4 /* UIKit.framework in Frameworks */ = {isa = PBXBuildFile; fileRef = 2BD2DF2E18EEB40900F0B5B4 /* UIKit.framework */; };
		2BD2DF5F18EEB61400F0B5B4 /* AppDelegate.m in Sources */ = {isa = PBXBuildFile; fileRef = 2BD2DF5C18EEB61400F0B5B4 /* AppDelegate.m */; };
		2BD2DF6018EEB61400F0B5B4 /* main.m in Sources */ = {isa = PBXBuildFile; fileRef = 2BD2DF5D18EEB61400F0B5B4 /* main.m */; };
		2BD2DF6918EEB61C00F0B5B4 /* Images.xcassets in Resources */ = {isa = PBXBuildFile; fileRef = 2BD2DF6418EEB61C00F0B5B4 /* Images.xcassets */; };
/* End PBXBuildFile section */

/* Begin PBXFileReference section */
		1971D6B2DE504510BD59420A /* libPods.a */ = {isa = PBXFileReference; explicitFileType = archive.ar; includeInIndex = 0; path = libPods.a; sourceTree = BUILT_PRODUCTS_DIR; };
		2B0F120718EEBBCF00ADB3E4 /* BaseController.h */ = {isa = PBXFileReference; fileEncoding = 4; lastKnownFileType = sourcecode.c.h; path = BaseController.h; sourceTree = "<group>"; };
		2B0F120818EEBBCF00ADB3E4 /* BaseController.m */ = {isa = PBXFileReference; fileEncoding = 4; lastKnownFileType = sourcecode.c.objc; path = BaseController.m; sourceTree = "<group>"; };
		2B0F120C18EEBCE800ADB3E4 /* MainController.h */ = {isa = PBXFileReference; fileEncoding = 4; lastKnownFileType = sourcecode.c.h; path = MainController.h; sourceTree = "<group>"; };
		2B0F120D18EEBCE800ADB3E4 /* MainController.m */ = {isa = PBXFileReference; fileEncoding = 4; lastKnownFileType = sourcecode.c.objc; path = MainController.m; sourceTree = "<group>"; };
		2B0F121018EEBD4E00ADB3E4 /* MainWindow-iPad.xib */ = {isa = PBXFileReference; fileEncoding = 4; lastKnownFileType = file.xib; path = "MainWindow-iPad.xib"; sourceTree = "<group>"; };
		2B0F121118EEBD4E00ADB3E4 /* MainWindow.xib */ = {isa = PBXFileReference; fileEncoding = 4; lastKnownFileType = file.xib; path = MainWindow.xib; sourceTree = "<group>"; };
		2B3F4F3A18EEB731005F37D8 /* en */ = {isa = PBXFileReference; lastKnownFileType = text.plist.strings; name = en; path = en.lproj/Localizable.strings; sourceTree = "<group>"; };
		2B3F4F3C18EEB746005F37D8 /* ja */ = {isa = PBXFileReference; lastKnownFileType = text.plist.strings; name = ja; path = ja.lproj/Localizable.strings; sourceTree = "<group>"; };
		2BD2DF2718EEB40900F0B5B4 /* PLAIN.app */ = {isa = PBXFileReference; explicitFileType = wrapper.application; includeInIndex = 0; path = PLAIN.app; sourceTree = BUILT_PRODUCTS_DIR; };
		2BD2DF2A18EEB40900F0B5B4 /* Foundation.framework */ = {isa = PBXFileReference; lastKnownFileType = wrapper.framework; name = Foundation.framework; path = System/Library/Frameworks/Foundation.framework; sourceTree = SDKROOT; };
		2BD2DF2C18EEB40900F0B5B4 /* CoreGraphics.framework */ = {isa = PBXFileReference; lastKnownFileType = wrapper.framework; name = CoreGraphics.framework; path = System/Library/Frameworks/CoreGraphics.framework; sourceTree = SDKROOT; };
		2BD2DF2E18EEB40900F0B5B4 /* UIKit.framework */ = {isa = PBXFileReference; lastKnownFileType = wrapper.framework; name = UIKit.framework; path = System/Library/Frameworks/UIKit.framework; sourceTree = SDKROOT; };
		2BD2DF5B18EEB61400F0B5B4 /* AppDelegate.h */ = {isa = PBXFileReference; fileEncoding = 4; lastKnownFileType = sourcecode.c.h; path = AppDelegate.h; sourceTree = "<group>"; };
		2BD2DF5C18EEB61400F0B5B4 /* AppDelegate.m */ = {isa = PBXFileReference; fileEncoding = 4; lastKnownFileType = sourcecode.c.objc; path = AppDelegate.m; sourceTree = "<group>"; };
		2BD2DF5D18EEB61400F0B5B4 /* main.m */ = {isa = PBXFileReference; fileEncoding = 4; lastKnownFileType = sourcecode.c.objc; path = main.m; sourceTree = "<group>"; };
		2BD2DF6418EEB61C00F0B5B4 /* Images.xcassets */ = {isa = PBXFileReference; lastKnownFileType = folder.assetcatalog; path = Images.xcassets; sourceTree = "<group>"; };
		2BD2DF6518EEB61C00F0B5B4 /* Info.plist */ = {isa = PBXFileReference; fileEncoding = 4; lastKnownFileType = text.plist.xml; path = Info.plist; sourceTree = "<group>"; };
		2BD2DF6D18EEB68B00F0B5B4 /* prefix.pch */ = {isa = PBXFileReference; fileEncoding = 4; lastKnownFileType = sourcecode.c.h; name = prefix.pch; path = Resources/prefix.pch; sourceTree = SOURCE_ROOT; };
/* End PBXFileReference section */

/* Begin PBXFrameworksBuildPhase section */
		2BD2DF2418EEB40900F0B5B4 /* Frameworks */ = {
			isa = PBXFrameworksBuildPhase;
			buildActionMask = 2147483647;
			files = (
				2BD2DF2D18EEB40900F0B5B4 /* CoreGraphics.framework in Frameworks */,
				2BD2DF2F18EEB40900F0B5B4 /* UIKit.framework in Frameworks */,
				2BD2DF2B18EEB40900F0B5B4 /* Foundation.framework in Frameworks */,
			);
			runOnlyForDeploymentPostprocessing = 0;
		};
/* End PBXFrameworksBuildPhase section */

/* Begin PBXGroup section */
		2B0F120118EEBB5100ADB3E4 /* Supporting Files */ = {
			isa = PBXGroup;
			children = (
				2BD2DF6D18EEB68B00F0B5B4 /* prefix.pch */,
				2BD2DF5D18EEB61400F0B5B4 /* main.m */,
				2BD2DF5B18EEB61400F0B5B4 /* AppDelegate.h */,
				2BD2DF5C18EEB61400F0B5B4 /* AppDelegate.m */,
			);
			name = "Supporting Files";
			sourceTree = "<group>";
		};
		2B0F120218EEBB5900ADB3E4 /* Controllers */ = {
			isa = PBXGroup;
			children = (
				2B0F120518EEBB7500ADB3E4 /* Common */,
				2B0F120B18EEBCDE00ADB3E4 /* Main */,
			);
			name = Controllers;
			sourceTree = "<group>";
		};
		2B0F120318EEBB5F00ADB3E4 /* Models */ = {
			isa = PBXGroup;
			children = (
			);
			name = Models;
			sourceTree = "<group>";
		};
		2B0F120418EEBB6500ADB3E4 /* Util */ = {
			isa = PBXGroup;
			children = (
			);
			name = Util;
			sourceTree = "<group>";
		};
		2B0F120518EEBB7500ADB3E4 /* Common */ = {
			isa = PBXGroup;
			children = (
				2B0F120718EEBBCF00ADB3E4 /* BaseController.h */,
				2B0F120818EEBBCF00ADB3E4 /* BaseController.m */,
			);
			name = Common;
			sourceTree = "<group>";
		};
		2B0F120B18EEBCDE00ADB3E4 /* Main */ = {
			isa = PBXGroup;
			children = (
				2B0F120C18EEBCE800ADB3E4 /* MainController.h */,
				2B0F120D18EEBCE800ADB3E4 /* MainController.m */,
			);
			name = Main;
			sourceTree = "<group>";
		};
		2BD2DF1E18EEB40900F0B5B4 = {
			isa = PBXGroup;
			children = (
				2BD2DF5A18EEB61400F0B5B4 /* Classes */,
				2BD2DF6C18EEB62300F0B5B4 /* Vendor */,
				2BD2DF6118EEB61C00F0B5B4 /* Resources */,
				2BD2DF2918EEB40900F0B5B4 /* Frameworks */,
				2BD2DF2818EEB40900F0B5B4 /* Products */,
			);
			sourceTree = "<group>";
		};
		2BD2DF2818EEB40900F0B5B4 /* Products */ = {
			isa = PBXGroup;
			children = (
				2BD2DF2718EEB40900F0B5B4 /* PLAIN.app */,
			);
			name = Products;
			sourceTree = "<group>";
		};
		2BD2DF2918EEB40900F0B5B4 /* Frameworks */ = {
			isa = PBXGroup;
			children = (
				2BD2DF2A18EEB40900F0B5B4 /* Foundation.framework */,
				2BD2DF2C18EEB40900F0B5B4 /* CoreGraphics.framework */,
				2BD2DF2E18EEB40900F0B5B4 /* UIKit.framework */,
				1971D6B2DE504510BD59420A /* libPods.a */,
			);
			name = Frameworks;
			sourceTree = "<group>";
		};
		2BD2DF5A18EEB61400F0B5B4 /* Classes */ = {
			isa = PBXGroup;
			children = (
				2B0F120118EEBB5100ADB3E4 /* Supporting Files */,
				2B0F120218EEBB5900ADB3E4 /* Controllers */,
				2B0F120318EEBB5F00ADB3E4 /* Models */,
				2B0F120418EEBB6500ADB3E4 /* Util */,
			);
			path = Classes;
			sourceTree = SOURCE_ROOT;
		};
		2BD2DF6118EEB61C00F0B5B4 /* Resources */ = {
			isa = PBXGroup;
			children = (
				2BD2DF6318EEB61C00F0B5B4 /* images */,
				2BD2DF6818EEB61C00F0B5B4 /* xib */,
				2BD2DF6218EEB61C00F0B5B4 /* db */,
				2B3F4F3B18EEB731005F37D8 /* Localizable.strings */,
				2BD2DF6418EEB61C00F0B5B4 /* Images.xcassets */,
				2BD2DF6518EEB61C00F0B5B4 /* Info.plist */,
			);
			path = Resources;
			sourceTree = "<group>";
		};
		2BD2DF6218EEB61C00F0B5B4 /* db */ = {
			isa = PBXGroup;
			children = (
			);
			path = db;
			sourceTree = "<group>";
		};
		2BD2DF6318EEB61C00F0B5B4 /* images */ = {
			isa = PBXGroup;
			children = (
			);
			path = images;
			sourceTree = "<group>";
		};
		2BD2DF6818EEB61C00F0B5B4 /* xib */ = {
			isa = PBXGroup;
			children = (
				2B0F121018EEBD4E00ADB3E4 /* MainWindow-iPad.xib */,
				2B0F121118EEBD4E00ADB3E4 /* MainWindow.xib */,
			);
			path = xib;
			sourceTree = "<group>";
		};
		2BD2DF6C18EEB62300F0B5B4 /* Vendor */ = {
			isa = PBXGroup;
			children = (
			);
			path = Vendor;
			sourceTree = "<group>";
		};
/* End PBXGroup section */

/* Begin PBXNativeTarget section */
		2BD2DF2618EEB40900F0B5B4 /* PLAIN */ = {
			isa = PBXNativeTarget;
			buildConfigurationList = 2BD2DF5318EEB40900F0B5B4 /* Build configuration list for PBXNativeTarget "PLAIN" */;
			buildPhases = (
				2BD2DF2318EEB40900F0B5B4 /* Sources */,
				2BD2DF2418EEB40900F0B5B4 /* Frameworks */,
				2BD2DF2518EEB40900F0B5B4 /* Resources */,
			);
			buildRules = (
			);
			dependencies = (
			);
			name = PLAIN;
			productName = PLAIN;
			productReference = 2BD2DF2718EEB40900F0B5B4 /* PLAIN.app */;
			productType = "com.apple.product-type.application";
		};
/* End PBXNativeTarget section */

/* Begin PBXProject section */
		2BD2DF1F18EEB40900F0B5B4 /* Project object */ = {
			isa = PBXProject;
			attributes = {
				LastUpgradeCheck = 0510;
				ORGANIZATIONNAME = appstair;
			};
			buildConfigurationList = 2BD2DF2218EEB40900F0B5B4 /* Build configuration list for PBXProject "PLAIN" */;
			compatibilityVersion = "Xcode 3.2";
			developmentRegion = English;
			hasScannedForEncodings = 0;
			knownRegions = (
				en,
				ja,
			);
			mainGroup = 2BD2DF1E18EEB40900F0B5B4;
			productRefGroup = 2BD2DF2818EEB40900F0B5B4 /* Products */;
			projectDirPath = "";
			projectRoot = "";
			targets = (
				2BD2DF2618EEB40900F0B5B4 /* PLAIN */,
			);
		};
/* End PBXProject section */

/* Begin PBXResourcesBuildPhase section */
		2BD2DF2518EEB40900F0B5B4 /* Resources */ = {
			isa = PBXResourcesBuildPhase;
			buildActionMask = 2147483647;
			files = (
				2B0F121318EEBD4E00ADB3E4 /* MainWindow.xib in Resources */,
				2B3F4F3918EEB731005F37D8 /* Localizable.strings in Resources */,
				2B0F121218EEBD4E00ADB3E4 /* MainWindow-iPad.xib in Resources */,
				2BD2DF6918EEB61C00F0B5B4 /* Images.xcassets in Resources */,
			);
			runOnlyForDeploymentPostprocessing = 0;
		};
/* End PBXResourcesBuildPhase section */

/* Begin PBXSourcesBuildPhase section */
		2BD2DF2318EEB40900F0B5B4 /* Sources */ = {
			isa = PBXSourcesBuildPhase;
			buildActionMask = 2147483647;
			files = (
				2B0F120E18EEBCE800ADB3E4 /* MainController.m in Sources */,
				2BD2DF6018EEB61400F0B5B4 /* main.m in Sources */,
				2B0F120918EEBBCF00ADB3E4 /* BaseController.m in Sources */,
				2BD2DF5F18EEB61400F0B5B4 /* AppDelegate.m in Sources */,
			);
			runOnlyForDeploymentPostprocessing = 0;
		};
/* End PBXSourcesBuildPhase section */

/* Begin PBXVariantGroup section */
		2B3F4F3B18EEB731005F37D8 /* Localizable.strings */ = {
			isa = PBXVariantGroup;
			children = (
				2B3F4F3A18EEB731005F37D8 /* en */,
				2B3F4F3C18EEB746005F37D8 /* ja */,
			);
			name = Localizable.strings;
			path = localizable;
			sourceTree = "<group>";
		};
/* End PBXVariantGroup section */

/* Begin XCBuildConfiguration section */
		2BD2DF5118EEB40900F0B5B4 /* Debug */ = {
			isa = XCBuildConfiguration;
			buildSettings = {
				ALWAYS_SEARCH_USER_PATHS = NO;
				CLANG_CXX_LANGUAGE_STANDARD = "gnu++0x";
				CLANG_CXX_LIBRARY = "libc++";
				CLANG_ENABLE_MODULES = YES;
				CLANG_ENABLE_OBJC_ARC = YES;
				CLANG_WARN_BOOL_CONVERSION = YES;
				CLANG_WARN_CONSTANT_CONVERSION = YES;
				CLANG_WARN_DIRECT_OBJC_ISA_USAGE = YES_ERROR;
				CLANG_WARN_EMPTY_BODY = YES;
				CLANG_WARN_ENUM_CONVERSION = YES;
				CLANG_WARN_INT_CONVERSION = YES;
				CLANG_WARN_OBJC_ROOT_CLASS = YES_ERROR;
				CLANG_WARN__DUPLICATE_METHOD_MATCH = YES;
				"CODE_SIGN_IDENTITY[sdk=iphoneos*]" = "iPhone Developer";
				COPY_PHASE_STRIP = NO;
				GCC_C_LANGUAGE_STANDARD = gnu99;
				GCC_DYNAMIC_NO_PIC = NO;
				GCC_OPTIMIZATION_LEVEL = 0;
				GCC_PREPROCESSOR_DEFINITIONS = (
					"DEBUG=1",
					"$(inherited)",
				);
				GCC_SYMBOLS_PRIVATE_EXTERN = NO;
				GCC_WARN_64_TO_32_BIT_CONVERSION = YES;
				GCC_WARN_ABOUT_RETURN_TYPE = YES_ERROR;
				GCC_WARN_UNDECLARED_SELECTOR = YES;
				GCC_WARN_UNINITIALIZED_AUTOS = YES_AGGRESSIVE;
				GCC_WARN_UNUSED_FUNCTION = YES;
				GCC_WARN_UNUSED_VARIABLE = YES;
				IPHONEOS_DEPLOYMENT_TARGET = 7.0;
				ONLY_ACTIVE_ARCH = YES;
				SDKROOT = iphoneos;
				TARGETED_DEVICE_FAMILY = "1,2";
			};
			name = Debug;
		};
		2BD2DF5218EEB40900F0B5B4 /* Release */ = {
			isa = XCBuildConfiguration;
			buildSettings = {
				ALWAYS_SEARCH_USER_PATHS = NO;
				CLANG_CXX_LANGUAGE_STANDARD = "gnu++0x";
				CLANG_CXX_LIBRARY = "libc++";
				CLANG_ENABLE_MODULES = YES;
				CLANG_ENABLE_OBJC_ARC = YES;
				CLANG_WARN_BOOL_CONVERSION = YES;
				CLANG_WARN_CONSTANT_CONVERSION = YES;
				CLANG_WARN_DIRECT_OBJC_ISA_USAGE = YES_ERROR;
				CLANG_WARN_EMPTY_BODY = YES;
				CLANG_WARN_ENUM_CONVERSION = YES;
				CLANG_WARN_INT_CONVERSION = YES;
				CLANG_WARN_OBJC_ROOT_CLASS = YES_ERROR;
				CLANG_WARN__DUPLICATE_METHOD_MATCH = YES;
				"CODE_SIGN_IDENTITY[sdk=iphoneos*]" = "iPhone Developer";
				COPY_PHASE_STRIP = YES;
				ENABLE_NS_ASSERTIONS = NO;
				GCC_C_LANGUAGE_STANDARD = gnu99;
				GCC_WARN_64_TO_32_BIT_CONVERSION = YES;
				GCC_WARN_ABOUT_RETURN_TYPE = YES_ERROR;
				GCC_WARN_UNDECLARED_SELECTOR = YES;
				GCC_WARN_UNINITIALIZED_AUTOS = YES_AGGRESSIVE;
				GCC_WARN_UNUSED_FUNCTION = YES;
				GCC_WARN_UNUSED_VARIABLE = YES;
				IPHONEOS_DEPLOYMENT_TARGET = 7.0;
				SDKROOT = iphoneos;
				TARGETED_DEVICE_FAMILY = "1,2";
				VALIDATE_PRODUCT = YES;
			};
			name = Release;
		};
		2BD2DF5418EEB40900F0B5B4 /* Debug */ = {
			isa = XCBuildConfiguration;
			buildSettings = {
				ASSETCATALOG_COMPILER_APPICON_NAME = AppIcon;
				ASSETCATALOG_COMPILER_LAUNCHIMAGE_NAME = LaunchImage;
				GCC_PRECOMPILE_PREFIX_HEADER = YES;
				GCC_PREFIX_HEADER = Resources/prefix.pch;
				INFOPLIST_FILE = Resources/Info.plist;
				PRODUCT_NAME = PLAIN;
				WRAPPER_EXTENSION = app;
			};
			name = Debug;
		};
		2BD2DF5518EEB40900F0B5B4 /* Release */ = {
			isa = XCBuildConfiguration;
			buildSettings = {
				ASSETCATALOG_COMPILER_APPICON_NAME = AppIcon;
				ASSETCATALOG_COMPILER_LAUNCHIMAGE_NAME = LaunchImage;
				GCC_PRECOMPILE_PREFIX_HEADER = YES;
				GCC_PREFIX_HEADER = Resources/prefix.pch;
				INFOPLIST_FILE = Resources/Info.plist;
				PRODUCT_NAME = PLAIN;
				WRAPPER_EXTENSION = app;
			};
			name = Release;
		};
/* End XCBuildConfiguration section */

/* Begin XCConfigurationList section */
		2BD2DF2218EEB40900F0B5B4 /* Build configuration list for PBXProject "PLAIN" */ = {
			isa = XCConfigurationList;
			buildConfigurations = (
				2BD2DF5118EEB40900F0B5B4 /* Debug */,
				2BD2DF5218EEB40900F0B5B4 /* Release */,
			);
			defaultConfigurationIsVisible = 0;
			defaultConfigurationName = Release;
		};
		2BD2DF5318EEB40900F0B5B4 /* Build configuration list for PBXNativeTarget "PLAIN" */ = {
			isa = XCConfigurationList;
			buildConfigurations = (
				2BD2DF5418EEB40900F0B5B4 /* Debug */,
				2BD2DF5518EEB40900F0B5B4 /* Release */,
			);
			defaultConfigurationIsVisible = 0;
			defaultConfigurationName = Release;
		};
/* End XCConfigurationList section */
	};
	rootObject = 2BD2DF1F18EEB40900F0B5B4 /* Project object */;
}
